{
  "name": "Sign",
  "lockfileVersion": 3,
  "requires": true,
  "packages": {
    "": {
      "dependencies": {
        "white_cats": "^0.1.54"
      }
    },
    "node_modules/white_cats": {
      "version": "0.1.54",
      "resolved": "https://registry.npmjs.org/white_cats/-/white_cats-0.1.54.tgz",
      "integrity": "sha512-nUj0qCVTJZk0CbmMHNRUvduCKTKSDTRTxeDa9eBuruAjSMCgRLWujQsC7Sd5tq2wCFROSdlOtTR/DFk7SMnJYA==",
      "license": "MIT"
    }
  }
}
